
Microsoft Visual Studio Solution File, Format Version 12.00
# Visual Studio Version 17
VisualStudioVersion = 17.9.34714.143
MinimumVisualStudioVersion = 10.0.40219.1
Project("{FAE04EC0-301F-11D3-BF4B-00C04F79EFBC}") = "pickamood", "pickamood\pickamood.csproj", "{7A6182BD-A92C-4B6D-9D30-B46D657446EC}"
EndProject
Global
	GlobalSection(SolutionConfigurationPlatforms) = preSolution
		Debug|Any CPU = Debug|Any CPU
		Release|Any CPU = Release|Any CPU
	EndGlobalSection
	GlobalSection(ProjectConfigurationPlatforms) = postSolution
		{7A6182BD-A92C-4B6D-9D30-B46D657446EC}.Debug|Any CPU.ActiveCfg = Debug|Any CPU
		{7A6182BD-A92C-4B6D-9D30-B46D657446EC}.Debug|Any CPU.Build.0 = Debug|Any CPU
		{7A6182BD-A92C-4B6D-9D30-B46D657446EC}.Release|Any CPU.ActiveCfg = Release|Any CPU
		{7A6182BD-A92C-4B6D-9D30-B46D657446EC}.Release|Any CPU.Build.0 = Release|Any CPU
	EndGlobalSection
	GlobalSection(SolutionProperties) = preSolution
		HideSolutionNode = FALSE
	EndGlobalSection
	GlobalSection(ExtensibilityGlobals) = postSolution
		SolutionGuid = {765BCD63-159A-44FD-9AA1-85FC15935EE0}
	EndGlobalSection
EndGlobal
